github.com/gozelle/atomic v1.10.10 h1:mUc+GODLuon/L2lR/Ckzta1AK1ugq/AK3UIZFusKGb0=
github.com/gozelle/atomic v1.10.10/go.mod h1:5rsc4dEjAakvLB68tnEc3pgV6C9RbC4pfUpv035T/t0=
github.com/gozelle/clock v1.3.0 h1:xfRJ4MbwWHqJxAXX7ZnVQI0Z3ilJzZo5cndOgHcE+ko=
github.com/gozelle/go-difflib v1.0.0 h1:BIQXTH387TRKUtDGMTaPmoFKKWZQMRR4mSxxcPLOjXQ=
github.com/gozelle/go-spew v1.1.10 h1:kFDq5IDd/Wk3l7UutORhveCt5fUdW8b9afnDYtuHmEc=
github.com/gozelle/goleak v1.2.1 h1:e9B5tGt96ak+/85Nv0rj2DjoehP7FgqwlFvHlzIr5ts=
github.com/gozelle/isatty v0.0.17 h1:1ka2GcKL1hNwIHIl5JFHfHOAzl+vXRH4Jx3dlFa88nM=
github.com/gozelle/isatty v0.0.17/go.mod h1:u77FICFTx4IXjAoAaYstj8NvStDRVhwe3NNZCKzXVGo=
github.com/gozelle/logging v0.0.0-20230111080605-40f7ef681d4a h1:LNYpUNVjlBVTM0mds+7sXR8X21FrToaMfcZJ3OMKL+c=
github.com/gozelle/logging v0.0.0-20230111080605-40f7ef681d4a/go.mod h1:uYLWg4Ida/VxwbumW4/N6HPAj/3ShN+2x2Kj2hAtD8U=
github.com/gozelle/multierr v1.9.10 h1:EUU22u5Yx82/mQm55fH1WF6ztp0w4U+cZl9lCzuyUvE=
github.com/gozelle/multierr v1.9.10/go.mod h1:4tC7qdet8CoxU9Q/Ha2bn5obpheqU7bTB9AENXwWzaI=
github.com/gozelle/testify v1.8.11 h1:HDi4d07tDlTLfAc1ie9yR/ZBr3r4HR9866GA5uHSwdA=
github.com/gozelle/yaml v0.0.0-20221214152138-81b78a92d903 h1:Z5bL8fjqThaLRa3MdQoESurwiUh8KZksKRQvLWY+h/c=
github.com/gozelle/zap v1.24.0 h1:UDH3SPadOSIf4PrAFVauvbzK8uwxS+HXAEQpxrtlhdA=
github.com/gozelle/zap v1.24.0/go.mod h1:ou7R5ioHa0+Mr3Hw98o5Sa1tMYU5DEcX2LeYtrAikg0=
github.com/pkg/errors v0.8.1 h1:iURUrRGxPUNPdy5/HRSm+Yj6okJ6UtLINN0Q9M4+h3I=
golang.org/x/sys v0.0.0-20220811171246-fbc7d0a398ab h1:2QkjZIsXupsJbJIdSjjUOgWK3aEtzyuh2mPt3l/CkeU=
golang.org/x/sys v0.0.0-20220811171246-fbc7d0a398ab/go.mod h1:oPkhp1MJrh7nUepCBck5+mAzfO9JrbApNNgaTdGDITg=
